
Microsoft Visual Studio Solution File, Format Version 12.00
# Visual Studio Version 17
VisualStudioVersion = 17.4.33213.308
MinimumVisualStudioVersion = 10.0.40219.1
Project("{FAE04EC0-301F-11D3-BF4B-00C04F79EFBC}") = "Consumer", "Consumer\Consumer.csproj", "{3AB11463-344B-41A7-8A9D-F3CB1599EF20}"
EndProject
Project("{9A19103F-16F7-4668-BE54-9A1E7A4F7556}") = "lab1_efApi", "..\lab1_efApi\lab1_efApi\lab1_efApi.csproj", "{450A3F0D-1A22-4A83-8F50-883DB5BB67B3}"
EndProject
Global
	GlobalSection(SolutionConfigurationPlatforms) = preSolution
		Debug|Any CPU = Debug|Any CPU
		Release|Any CPU = Release|Any CPU
	EndGlobalSection
	GlobalSection(ProjectConfigurationPlatforms) = postSolution
		{3AB11463-344B-41A7-8A9D-F3CB1599EF20}.Debug|Any CPU.ActiveCfg = Debug|Any CPU
		{3AB11463-344B-41A7-8A9D-F3CB1599EF20}.Debug|Any CPU.Build.0 = Debug|Any CPU
		{3AB11463-344B-41A7-8A9D-F3CB1599EF20}.Release|Any CPU.ActiveCfg = Release|Any CPU
		{3AB11463-344B-41A7-8A9D-F3CB1599EF20}.Release|Any CPU.Build.0 = Release|Any CPU
		{450A3F0D-1A22-4A83-8F50-883DB5BB67B3}.Debug|Any CPU.ActiveCfg = Debug|Any CPU
		{450A3F0D-1A22-4A83-8F50-883DB5BB67B3}.Debug|Any CPU.Build.0 = Debug|Any CPU
		{450A3F0D-1A22-4A83-8F50-883DB5BB67B3}.Release|Any CPU.ActiveCfg = Release|Any CPU
		{450A3F0D-1A22-4A83-8F50-883DB5BB67B3}.Release|Any CPU.Build.0 = Release|Any CPU
	EndGlobalSection
	GlobalSection(SolutionProperties) = preSolution
		HideSolutionNode = FALSE
	EndGlobalSection
	GlobalSection(ExtensibilityGlobals) = postSolution
		SolutionGuid = {00C88D56-567A-420D-AE3F-AD7BE2151BC6}
	EndGlobalSection
EndGlobal
